
Microsoft Visual Studio Solution File, Format Version 12.00
Project("{FAE04EC0-301F-11D3-BF4B-00C04F79EFBC}") = "GrpcService1", "GrpcService1.csproj", "{DED23E68-CF9C-425A-9556-E7693FCB1C84}"
EndProject
Global
	GlobalSection(SolutionConfigurationPlatforms) = preSolution
		Debug|Any CPU = Debug|Any CPU
		Release|Any CPU = Release|Any CPU
	EndGlobalSection
	GlobalSection(ProjectConfigurationPlatforms) = postSolution
		{DED23E68-CF9C-425A-9556-E7693FCB1C84}.Debug|Any CPU.ActiveCfg = Debug|Any CPU
		{DED23E68-CF9C-425A-9556-E7693FCB1C84}.Debug|Any CPU.Build.0 = Debug|Any CPU
		{DED23E68-CF9C-425A-9556-E7693FCB1C84}.Release|Any CPU.ActiveCfg = Release|Any CPU
		{DED23E68-CF9C-425A-9556-E7693FCB1C84}.Release|Any CPU.Build.0 = Release|Any CPU
	EndGlobalSection
EndGlobal
